
Microsoft Visual Studio Solution File, Format Version 12.00
# Visual Studio Version 16
VisualStudioVersion = 16.0.29306.81
MinimumVisualStudioVersion = 10.0.40219.1
Project("{FAE04EC0-301F-11D3-BF4B-00C04F79EFBC}") = "LocusNine_DAL", "LocusNine_DAL\LocusNine_DAL.csproj", "{B2C4CFFF-2790-4D49-AD7B-366C34D3EFC4}"
EndProject
Project("{FAE04EC0-301F-11D3-BF4B-00C04F79EFBC}") = "LocusNine_Services", "LocusNine_Services\LocusNine_Services.csproj", "{FA57772D-73E6-46A4-B39A-1A78D63FDB95}"
EndProject
Project("{FAE04EC0-301F-11D3-BF4B-00C04F79EFBC}") = "ConsoleApp1", "ConsoleApp1\ConsoleApp1.csproj", "{D787ED8B-86C4-447A-B2F3-57A8F23C5BA7}"
EndProject
Global
	GlobalSection(SolutionConfigurationPlatforms) = preSolution
		Debug|Any CPU = Debug|Any CPU
		Release|Any CPU = Release|Any CPU
	EndGlobalSection
	GlobalSection(ProjectConfigurationPlatforms) = postSolution
		{B2C4CFFF-2790-4D49-AD7B-366C34D3EFC4}.Debug|Any CPU.ActiveCfg = Debug|Any CPU
		{B2C4CFFF-2790-4D49-AD7B-366C34D3EFC4}.Debug|Any CPU.Build.0 = Debug|Any CPU
		{B2C4CFFF-2790-4D49-AD7B-366C34D3EFC4}.Release|Any CPU.ActiveCfg = Release|Any CPU
		{B2C4CFFF-2790-4D49-AD7B-366C34D3EFC4}.Release|Any CPU.Build.0 = Release|Any CPU
		{FA57772D-73E6-46A4-B39A-1A78D63FDB95}.Debug|Any CPU.ActiveCfg = Debug|Any CPU
		{FA57772D-73E6-46A4-B39A-1A78D63FDB95}.Debug|Any CPU.Build.0 = Debug|Any CPU
		{FA57772D-73E6-46A4-B39A-1A78D63FDB95}.Release|Any CPU.ActiveCfg = Release|Any CPU
		{FA57772D-73E6-46A4-B39A-1A78D63FDB95}.Release|Any CPU.Build.0 = Release|Any CPU
		{D787ED8B-86C4-447A-B2F3-57A8F23C5BA7}.Debug|Any CPU.ActiveCfg = Debug|Any CPU
		{D787ED8B-86C4-447A-B2F3-57A8F23C5BA7}.Debug|Any CPU.Build.0 = Debug|Any CPU
		{D787ED8B-86C4-447A-B2F3-57A8F23C5BA7}.Release|Any CPU.ActiveCfg = Release|Any CPU
		{D787ED8B-86C4-447A-B2F3-57A8F23C5BA7}.Release|Any CPU.Build.0 = Release|Any CPU
	EndGlobalSection
	GlobalSection(SolutionProperties) = preSolution
		HideSolutionNode = FALSE
	EndGlobalSection
	GlobalSection(ExtensibilityGlobals) = postSolution
		SolutionGuid = {B429D0D0-1C53-4760-8683-14F7C127FBEB}
	EndGlobalSection
EndGlobal
